
Microsoft Visual Studio Solution File, Format Version 12.00
# Visual Studio Version 16
VisualStudioVersion = 16.0.31019.35
MinimumVisualStudioVersion = 10.0.40219.1
Project("{FAE04EC0-301F-11D3-BF4B-00C04F79EFBC}") = "BigProject", "BigProject.csproj", "{74A0E7DC-F2B6-4C13-8F54-BAB8C1FCB68C}"
EndProject
Global
	GlobalSection(SolutionConfigurationPlatforms) = preSolution
		Debug|Any CPU = Debug|Any CPU
		Release|Any CPU = Release|Any CPU
	EndGlobalSection
	GlobalSection(ProjectConfigurationPlatforms) = postSolution
		{74A0E7DC-F2B6-4C13-8F54-BAB8C1FCB68C}.Debug|Any CPU.ActiveCfg = Debug|Any CPU
		{74A0E7DC-F2B6-4C13-8F54-BAB8C1FCB68C}.Debug|Any CPU.Build.0 = Debug|Any CPU
		{74A0E7DC-F2B6-4C13-8F54-BAB8C1FCB68C}.Release|Any CPU.ActiveCfg = Release|Any CPU
		{74A0E7DC-F2B6-4C13-8F54-BAB8C1FCB68C}.Release|Any CPU.Build.0 = Release|Any CPU
	EndGlobalSection
	GlobalSection(SolutionProperties) = preSolution
		HideSolutionNode = FALSE
	EndGlobalSection
	GlobalSection(ExtensibilityGlobals) = postSolution
		SolutionGuid = {8B86017A-BF76-4DA6-B0ED-540838FE4087}
	EndGlobalSection
EndGlobal
